
Microsoft Visual Studio Solution File, Format Version 12.00
# Visual Studio 15
VisualStudioVersion = 15.0.28307.1778
MinimumVisualStudioVersion = 10.0.40219.1
Project("{FAE04EC0-301F-11D3-BF4B-00C04F79EFBC}") = "Sqlconnection_datacompontant", "Sqlconnection_datacompontant\Sqlconnection_datacompontant.csproj", "{3A67F96A-C532-4721-8404-239EBAF5C5F3}"
EndProject
Global
	GlobalSection(SolutionConfigurationPlatforms) = preSolution
		Debug|Any CPU = Debug|Any CPU
		Release|Any CPU = Release|Any CPU
	EndGlobalSection
	GlobalSection(ProjectConfigurationPlatforms) = postSolution
		{3A67F96A-C532-4721-8404-239EBAF5C5F3}.Debug|Any CPU.ActiveCfg = Debug|Any CPU
		{3A67F96A-C532-4721-8404-239EBAF5C5F3}.Debug|Any CPU.Build.0 = Debug|Any CPU
		{3A67F96A-C532-4721-8404-239EBAF5C5F3}.Release|Any CPU.ActiveCfg = Release|Any CPU
		{3A67F96A-C532-4721-8404-239EBAF5C5F3}.Release|Any CPU.Build.0 = Release|Any CPU
	EndGlobalSection
	GlobalSection(SolutionProperties) = preSolution
		HideSolutionNode = FALSE
	EndGlobalSection
	GlobalSection(ExtensibilityGlobals) = postSolution
		SolutionGuid = {241725AE-B0EA-4AC4-8C5F-15A87C1F2D75}
	EndGlobalSection
EndGlobal
